
Microsoft Visual Studio Solution File, Format Version 12.00
Project("{FAE04EC0-301F-11D3-BF4B-00C04F79EFBC}") = "HWA-Project", "HWA-Project.csproj", "{CC007A08-BC6F-46DA-BF82-32529CC805BB}"
EndProject
Global
	GlobalSection(SolutionConfigurationPlatforms) = preSolution
		Debug|Any CPU = Debug|Any CPU
		Release|Any CPU = Release|Any CPU
	EndGlobalSection
	GlobalSection(ProjectConfigurationPlatforms) = postSolution
		{CC007A08-BC6F-46DA-BF82-32529CC805BB}.Debug|Any CPU.ActiveCfg = Debug|Any CPU
		{CC007A08-BC6F-46DA-BF82-32529CC805BB}.Debug|Any CPU.Build.0 = Debug|Any CPU
		{CC007A08-BC6F-46DA-BF82-32529CC805BB}.Release|Any CPU.ActiveCfg = Release|Any CPU
		{CC007A08-BC6F-46DA-BF82-32529CC805BB}.Release|Any CPU.Build.0 = Release|Any CPU
	EndGlobalSection
EndGlobal
